
Microsoft Visual Studio Solution File, Format Version 12.00
# Visual Studio Version 16
VisualStudioVersion = 16.0.29503.13
MinimumVisualStudioVersion = 10.0.40219.1
Project("{8BC9CEB8-8B4A-11D0-8D11-00A0C91BC942}") = "CenTaxi", "CenTaxi\CenTaxi.vcxproj", "{7CAE75D7-0511-49DE-A70D-98C13BB5E5FE}"
EndProject
Project("{8BC9CEB8-8B4A-11D0-8D11-00A0C91BC942}") = "ConTaxi", "ConTaxi\ConTaxi.vcxproj", "{7AA9B04D-4070-4B58-B195-3E3460D58270}"
	ProjectSection(ProjectDependencies) = postProject
		{5BA3505C-6300-4A0F-8D5F-D4F8B3F3CDC4} = {5BA3505C-6300-4A0F-8D5F-D4F8B3F3CDC4}
	EndProjectSection
EndProject
Project("{8BC9CEB8-8B4A-11D0-8D11-00A0C91BC942}") = "ConPass", "ConPass\ConPass.vcxproj", "{DCE915B6-2D94-4DA7-9E45-7757F962BCD0}"
EndProject
Project("{8BC9CEB8-8B4A-11D0-8D11-00A0C91BC942}") = "Common", "Common\Common.vcxproj", "{5BA3505C-6300-4A0F-8D5F-D4F8B3F3CDC4}"
EndProject
Project("{8BC9CEB8-8B4A-11D0-8D11-00A0C91BC942}") = "Comms", "Comms\Comms.vcxproj", "{074236EB-EE7D-48B6-9AC6-DC58A3587638}"
EndProject
Project("{2150E333-8FDC-42A3-9474-1A3956D46DE8}") = "Solution Items", "Solution Items", "{84A0E52C-AE7D-413C-BE2B-4A772C76B2DF}"
	ProjectSection(SolutionItems) = preProject
		Maps\map1.txt = Maps\map1.txt
		Maps\map2.txt = Maps\map2.txt
	EndProjectSection
EndProject
Project("{8BC9CEB8-8B4A-11D0-8D11-00A0C91BC942}") = "MapInfo", "MapInfo\MapInfo.vcxproj", "{F7C81265-B575-4FB6-A72C-87C320AE4A43}"
EndProject
Project("{8BC9CEB8-8B4A-11D0-8D11-00A0C91BC942}") = "MapInfoGraphics", "MapInfoGraphics\MapInfoGraphics.vcxproj", "{5F161B0C-3EA7-4D7F-A4F7-9F66FD17613C}"
EndProject
Global
	GlobalSection(SolutionConfigurationPlatforms) = preSolution
		Debug|x64 = Debug|x64
		Debug|x86 = Debug|x86
		Release|x64 = Release|x64
		Release|x86 = Release|x86
	EndGlobalSection
	GlobalSection(ProjectConfigurationPlatforms) = postSolution
		{7CAE75D7-0511-49DE-A70D-98C13BB5E5FE}.Debug|x64.ActiveCfg = Debug|x64
		{7CAE75D7-0511-49DE-A70D-98C13BB5E5FE}.Debug|x64.Build.0 = Debug|x64
		{7CAE75D7-0511-49DE-A70D-98C13BB5E5FE}.Debug|x86.ActiveCfg = Debug|x64
		{7CAE75D7-0511-49DE-A70D-98C13BB5E5FE}.Debug|x86.Build.0 = Debug|x64
		{7CAE75D7-0511-49DE-A70D-98C13BB5E5FE}.Release|x64.ActiveCfg = Debug|x64
		{7CAE75D7-0511-49DE-A70D-98C13BB5E5FE}.Release|x64.Build.0 = Debug|x64
		{7CAE75D7-0511-49DE-A70D-98C13BB5E5FE}.Release|x86.ActiveCfg = Debug|x64
		{7CAE75D7-0511-49DE-A70D-98C13BB5E5FE}.Release|x86.Build.0 = Debug|x64
		{7AA9B04D-4070-4B58-B195-3E3460D58270}.Debug|x64.ActiveCfg = Debug|x64
		{7AA9B04D-4070-4B58-B195-3E3460D58270}.Debug|x64.Build.0 = Debug|x64
		{7AA9B04D-4070-4B58-B195-3E3460D58270}.Debug|x86.ActiveCfg = Debug|x64
		{7AA9B04D-4070-4B58-B195-3E3460D58270}.Debug|x86.Build.0 = Debug|x64
		{7AA9B04D-4070-4B58-B195-3E3460D58270}.Release|x64.ActiveCfg = Debug|x64
		{7AA9B04D-4070-4B58-B195-3E3460D58270}.Release|x64.Build.0 = Debug|x64
		{7AA9B04D-4070-4B58-B195-3E3460D58270}.Release|x86.ActiveCfg = Debug|x64
		{7AA9B04D-4070-4B58-B195-3E3460D58270}.Release|x86.Build.0 = Debug|x64
		{DCE915B6-2D94-4DA7-9E45-7757F962BCD0}.Debug|x64.ActiveCfg = Debug|x64
		{DCE915B6-2D94-4DA7-9E45-7757F962BCD0}.Debug|x64.Build.0 = Debug|x64
		{DCE915B6-2D94-4DA7-9E45-7757F962BCD0}.Debug|x86.ActiveCfg = Debug|x64
		{DCE915B6-2D94-4DA7-9E45-7757F962BCD0}.Debug|x86.Build.0 = Debug|x64
		{DCE915B6-2D94-4DA7-9E45-7757F962BCD0}.Release|x64.ActiveCfg = Debug|x64
		{DCE915B6-2D94-4DA7-9E45-7757F962BCD0}.Release|x64.Build.0 = Debug|x64
		{DCE915B6-2D94-4DA7-9E45-7757F962BCD0}.Release|x86.ActiveCfg = Debug|x64
		{DCE915B6-2D94-4DA7-9E45-7757F962BCD0}.Release|x86.Build.0 = Debug|x64
		{5BA3505C-6300-4A0F-8D5F-D4F8B3F3CDC4}.Debug|x64.ActiveCfg = Debug|x64
		{5BA3505C-6300-4A0F-8D5F-D4F8B3F3CDC4}.Debug|x64.Build.0 = Debug|x64
		{5BA3505C-6300-4A0F-8D5F-D4F8B3F3CDC4}.Debug|x86.ActiveCfg = Debug|x64
		{5BA3505C-6300-4A0F-8D5F-D4F8B3F3CDC4}.Debug|x86.Build.0 = Debug|x64
		{5BA3505C-6300-4A0F-8D5F-D4F8B3F3CDC4}.Release|x64.ActiveCfg = Debug|x64
		{5BA3505C-6300-4A0F-8D5F-D4F8B3F3CDC4}.Release|x64.Build.0 = Debug|x64
		{5BA3505C-6300-4A0F-8D5F-D4F8B3F3CDC4}.Release|x86.ActiveCfg = Debug|x64
		{5BA3505C-6300-4A0F-8D5F-D4F8B3F3CDC4}.Release|x86.Build.0 = Debug|x64
		{074236EB-EE7D-48B6-9AC6-DC58A3587638}.Debug|x64.ActiveCfg = Debug|x64
		{074236EB-EE7D-48B6-9AC6-DC58A3587638}.Debug|x64.Build.0 = Debug|x64
		{074236EB-EE7D-48B6-9AC6-DC58A3587638}.Debug|x86.ActiveCfg = Debug|Win32
		{074236EB-EE7D-48B6-9AC6-DC58A3587638}.Debug|x86.Build.0 = Debug|Win32
		{074236EB-EE7D-48B6-9AC6-DC58A3587638}.Release|x64.ActiveCfg = Release|x64
		{074236EB-EE7D-48B6-9AC6-DC58A3587638}.Release|x64.Build.0 = Release|x64
		{074236EB-EE7D-48B6-9AC6-DC58A3587638}.Release|x86.ActiveCfg = Release|Win32
		{074236EB-EE7D-48B6-9AC6-DC58A3587638}.Release|x86.Build.0 = Release|Win32
		{F7C81265-B575-4FB6-A72C-87C320AE4A43}.Debug|x64.ActiveCfg = Debug|x64
		{F7C81265-B575-4FB6-A72C-87C320AE4A43}.Debug|x64.Build.0 = Debug|x64
		{F7C81265-B575-4FB6-A72C-87C320AE4A43}.Debug|x86.ActiveCfg = Debug|Win32
		{F7C81265-B575-4FB6-A72C-87C320AE4A43}.Debug|x86.Build.0 = Debug|Win32
		{F7C81265-B575-4FB6-A72C-87C320AE4A43}.Release|x64.ActiveCfg = Release|x64
		{F7C81265-B575-4FB6-A72C-87C320AE4A43}.Release|x64.Build.0 = Release|x64
		{F7C81265-B575-4FB6-A72C-87C320AE4A43}.Release|x86.ActiveCfg = Release|Win32
		{F7C81265-B575-4FB6-A72C-87C320AE4A43}.Release|x86.Build.0 = Release|Win32
		{5F161B0C-3EA7-4D7F-A4F7-9F66FD17613C}.Debug|x64.ActiveCfg = Debug|x64
		{5F161B0C-3EA7-4D7F-A4F7-9F66FD17613C}.Debug|x64.Build.0 = Debug|x64
		{5F161B0C-3EA7-4D7F-A4F7-9F66FD17613C}.Debug|x86.ActiveCfg = Debug|Win32
		{5F161B0C-3EA7-4D7F-A4F7-9F66FD17613C}.Debug|x86.Build.0 = Debug|Win32
		{5F161B0C-3EA7-4D7F-A4F7-9F66FD17613C}.Release|x64.ActiveCfg = Release|x64
		{5F161B0C-3EA7-4D7F-A4F7-9F66FD17613C}.Release|x64.Build.0 = Release|x64
		{5F161B0C-3EA7-4D7F-A4F7-9F66FD17613C}.Release|x86.ActiveCfg = Release|Win32
		{5F161B0C-3EA7-4D7F-A4F7-9F66FD17613C}.Release|x86.Build.0 = Release|Win32
	EndGlobalSection
	GlobalSection(SolutionProperties) = preSolution
		HideSolutionNode = FALSE
	EndGlobalSection
	GlobalSection(ExtensibilityGlobals) = postSolution
		SolutionGuid = {40FD3ED7-5B3B-4093-8CD2-AA9F8D37B0D6}
	EndGlobalSection
EndGlobal
